
Microsoft Visual Studio Solution File, Format Version 12.00
# Visual Studio Version 16
VisualStudioVersion = 25.0.1703.6
MinimumVisualStudioVersion = 10.0.40219.1
Project("{FAE04EC0-301F-11D3-BF4B-00C04F79EFBC}") = "Catalog.API", "Catalog.API\Catalog.API.csproj", "{34980454-684A-4B2E-BBF8-13162E4923C3}"
EndProject
Project("{FAE04EC0-301F-11D3-BF4B-00C04F79EFBC}") = "Basket.API", "Basket.API\Basket.API.csproj", "{50CEA942-BD40-4E62-91DC-91ACEDC749EA}"
EndProject
Project("{FAE04EC0-301F-11D3-BF4B-00C04F79EFBC}") = "Models", "Models\Models.csproj", "{1D26C95B-055F-4E9F-8A65-B6694BE6D253}"
EndProject
Project("{FAE04EC0-301F-11D3-BF4B-00C04F79EFBC}") = "QueueFactory", "QueueFactory\QueueFactory.csproj", "{F6088304-BA7D-4F9C-B2FC-33A9092EEDE5}"
EndProject
Project("{FAE04EC0-301F-11D3-BF4B-00C04F79EFBC}") = "ServiceWorker", "ServiceWorker\ServiceWorker.csproj", "{A3FD16FA-2DC8-426E-9A65-8EE2C7031552}"
EndProject
Global
	GlobalSection(SolutionConfigurationPlatforms) = preSolution
		Debug|Any CPU = Debug|Any CPU
		Release|Any CPU = Release|Any CPU
	EndGlobalSection
	GlobalSection(ProjectConfigurationPlatforms) = postSolution
		{34980454-684A-4B2E-BBF8-13162E4923C3}.Debug|Any CPU.ActiveCfg = Debug|Any CPU
		{34980454-684A-4B2E-BBF8-13162E4923C3}.Debug|Any CPU.Build.0 = Debug|Any CPU
		{34980454-684A-4B2E-BBF8-13162E4923C3}.Release|Any CPU.ActiveCfg = Release|Any CPU
		{34980454-684A-4B2E-BBF8-13162E4923C3}.Release|Any CPU.Build.0 = Release|Any CPU
		{50CEA942-BD40-4E62-91DC-91ACEDC749EA}.Debug|Any CPU.ActiveCfg = Debug|Any CPU
		{50CEA942-BD40-4E62-91DC-91ACEDC749EA}.Debug|Any CPU.Build.0 = Debug|Any CPU
		{50CEA942-BD40-4E62-91DC-91ACEDC749EA}.Release|Any CPU.ActiveCfg = Release|Any CPU
		{50CEA942-BD40-4E62-91DC-91ACEDC749EA}.Release|Any CPU.Build.0 = Release|Any CPU
		{1D26C95B-055F-4E9F-8A65-B6694BE6D253}.Debug|Any CPU.ActiveCfg = Debug|Any CPU
		{1D26C95B-055F-4E9F-8A65-B6694BE6D253}.Debug|Any CPU.Build.0 = Debug|Any CPU
		{1D26C95B-055F-4E9F-8A65-B6694BE6D253}.Release|Any CPU.ActiveCfg = Release|Any CPU
		{1D26C95B-055F-4E9F-8A65-B6694BE6D253}.Release|Any CPU.Build.0 = Release|Any CPU
		{F6088304-BA7D-4F9C-B2FC-33A9092EEDE5}.Debug|Any CPU.ActiveCfg = Debug|Any CPU
		{F6088304-BA7D-4F9C-B2FC-33A9092EEDE5}.Debug|Any CPU.Build.0 = Debug|Any CPU
		{F6088304-BA7D-4F9C-B2FC-33A9092EEDE5}.Release|Any CPU.ActiveCfg = Release|Any CPU
		{F6088304-BA7D-4F9C-B2FC-33A9092EEDE5}.Release|Any CPU.Build.0 = Release|Any CPU
		{A3FD16FA-2DC8-426E-9A65-8EE2C7031552}.Debug|Any CPU.ActiveCfg = Debug|Any CPU
		{A3FD16FA-2DC8-426E-9A65-8EE2C7031552}.Debug|Any CPU.Build.0 = Debug|Any CPU
		{A3FD16FA-2DC8-426E-9A65-8EE2C7031552}.Release|Any CPU.ActiveCfg = Release|Any CPU
		{A3FD16FA-2DC8-426E-9A65-8EE2C7031552}.Release|Any CPU.Build.0 = Release|Any CPU
	EndGlobalSection
	GlobalSection(SolutionProperties) = preSolution
		HideSolutionNode = FALSE
	EndGlobalSection
	GlobalSection(ExtensibilityGlobals) = postSolution
		SolutionGuid = {205B87FD-9672-4224-8E43-AE2F657F1544}
	EndGlobalSection
EndGlobal
